
Microsoft Visual Studio Solution File, Format Version 12.00
# Visual Studio Version 16
VisualStudioVersion = 16.0.32428.217
MinimumVisualStudioVersion = 10.0.40219.1
Project("{FAE04EC0-301F-11D3-BF4B-00C04F79EFBC}") = "BlazorWASMApp.Server", "BlazorWASMApp\Server\BlazorWASMApp.Server.csproj", "{CD0F24E7-23B5-4918-BAAA-B9423B018EAE}"
EndProject
Project("{FAE04EC0-301F-11D3-BF4B-00C04F79EFBC}") = "BlazorWASMApp.Client", "BlazorWASMApp\Client\BlazorWASMApp.Client.csproj", "{0C134E2E-9867-4CD0-A920-4E5CC0586647}"
EndProject
Project("{FAE04EC0-301F-11D3-BF4B-00C04F79EFBC}") = "BlazorWASMApp.Shared", "BlazorWASMApp\Shared\BlazorWASMApp.Shared.csproj", "{18A386FB-1EAF-4E17-B7F1-1ECFC11A0E42}"
EndProject
Global
	GlobalSection(SolutionConfigurationPlatforms) = preSolution
		Debug|Any CPU = Debug|Any CPU
		Release|Any CPU = Release|Any CPU
	EndGlobalSection
	GlobalSection(ProjectConfigurationPlatforms) = postSolution
		{CD0F24E7-23B5-4918-BAAA-B9423B018EAE}.Debug|Any CPU.ActiveCfg = Debug|Any CPU
		{CD0F24E7-23B5-4918-BAAA-B9423B018EAE}.Debug|Any CPU.Build.0 = Debug|Any CPU
		{CD0F24E7-23B5-4918-BAAA-B9423B018EAE}.Release|Any CPU.ActiveCfg = Release|Any CPU
		{CD0F24E7-23B5-4918-BAAA-B9423B018EAE}.Release|Any CPU.Build.0 = Release|Any CPU
		{0C134E2E-9867-4CD0-A920-4E5CC0586647}.Debug|Any CPU.ActiveCfg = Debug|Any CPU
		{0C134E2E-9867-4CD0-A920-4E5CC0586647}.Debug|Any CPU.Build.0 = Debug|Any CPU
		{0C134E2E-9867-4CD0-A920-4E5CC0586647}.Release|Any CPU.ActiveCfg = Release|Any CPU
		{0C134E2E-9867-4CD0-A920-4E5CC0586647}.Release|Any CPU.Build.0 = Release|Any CPU
		{18A386FB-1EAF-4E17-B7F1-1ECFC11A0E42}.Debug|Any CPU.ActiveCfg = Debug|Any CPU
		{18A386FB-1EAF-4E17-B7F1-1ECFC11A0E42}.Debug|Any CPU.Build.0 = Debug|Any CPU
		{18A386FB-1EAF-4E17-B7F1-1ECFC11A0E42}.Release|Any CPU.ActiveCfg = Release|Any CPU
		{18A386FB-1EAF-4E17-B7F1-1ECFC11A0E42}.Release|Any CPU.Build.0 = Release|Any CPU
	EndGlobalSection
	GlobalSection(SolutionProperties) = preSolution
		HideSolutionNode = FALSE
	EndGlobalSection
	GlobalSection(ExtensibilityGlobals) = postSolution
		SolutionGuid = {14FD0E20-0E45-4485-BEFE-51AE3770C886}
	EndGlobalSection
EndGlobal
